
Microsoft Visual Studio Solution File, Format Version 12.00
# Visual Studio Version 16
VisualStudioVersion = 16.0.31019.35
MinimumVisualStudioVersion = 10.0.40219.1
Project("{FAE04EC0-301F-11D3-BF4B-00C04F79EFBC}") = "CapScreen", "CapScreen\CapScreen.csproj", "{43E1949C-E096-4B36-AF93-504AD93131C1}"
EndProject
Global
	GlobalSection(SolutionConfigurationPlatforms) = preSolution
		Debug|Any CPU = Debug|Any CPU
		Release|Any CPU = Release|Any CPU
	EndGlobalSection
	GlobalSection(ProjectConfigurationPlatforms) = postSolution
		{43E1949C-E096-4B36-AF93-504AD93131C1}.Debug|Any CPU.ActiveCfg = Debug|Any CPU
		{43E1949C-E096-4B36-AF93-504AD93131C1}.Debug|Any CPU.Build.0 = Debug|Any CPU
		{43E1949C-E096-4B36-AF93-504AD93131C1}.Release|Any CPU.ActiveCfg = Release|Any CPU
		{43E1949C-E096-4B36-AF93-504AD93131C1}.Release|Any CPU.Build.0 = Release|Any CPU
	EndGlobalSection
	GlobalSection(SolutionProperties) = preSolution
		HideSolutionNode = FALSE
	EndGlobalSection
	GlobalSection(ExtensibilityGlobals) = postSolution
		SolutionGuid = {C4BD50A4-B2D1-4677-9AB9-AB376854E06D}
	EndGlobalSection
EndGlobal
